
Microsoft Visual Studio Solution File, Format Version 12.00
# Visual Studio Version 17
VisualStudioVersion = 17.3.32922.545
MinimumVisualStudioVersion = 10.0.40219.1
Project("{FAE04EC0-301F-11D3-BF4B-00C04F79EFBC}") = "lesson_13_loops_and_logic_arrays", "lesson_13_loops_and_logic_arrays\lesson_13_loops_and_logic_arrays.csproj", "{B9A2B760-D35A-40D2-9838-B876F7A2A154}"
EndProject
Global
	GlobalSection(SolutionConfigurationPlatforms) = preSolution
		Debug|Any CPU = Debug|Any CPU
		Release|Any CPU = Release|Any CPU
	EndGlobalSection
	GlobalSection(ProjectConfigurationPlatforms) = postSolution
		{B9A2B760-D35A-40D2-9838-B876F7A2A154}.Debug|Any CPU.ActiveCfg = Debug|Any CPU
		{B9A2B760-D35A-40D2-9838-B876F7A2A154}.Debug|Any CPU.Build.0 = Debug|Any CPU
		{B9A2B760-D35A-40D2-9838-B876F7A2A154}.Release|Any CPU.ActiveCfg = Release|Any CPU
		{B9A2B760-D35A-40D2-9838-B876F7A2A154}.Release|Any CPU.Build.0 = Release|Any CPU
	EndGlobalSection
	GlobalSection(SolutionProperties) = preSolution
		HideSolutionNode = FALSE
	EndGlobalSection
	GlobalSection(ExtensibilityGlobals) = postSolution
		SolutionGuid = {94FA4B93-0DE9-496F-85DA-823490420CD3}
	EndGlobalSection
EndGlobal
