
Microsoft Visual Studio Solution File, Format Version 12.00
# Visual Studio Version 17
VisualStudioVersion = 17.3.32922.545
MinimumVisualStudioVersion = 10.0.40219.1
Project("{FAE04EC0-301F-11D3-BF4B-00C04F79EFBC}") = "lesson_12_loops_and_logic_guard_clause", "lesson_12_loops_and_logic_guard_clause\lesson_12_loops_and_logic_guard_clause.csproj", "{390CEEE7-23EF-4E3B-BF2C-2221D740E9C4}"
EndProject
Global
	GlobalSection(SolutionConfigurationPlatforms) = preSolution
		Debug|Any CPU = Debug|Any CPU
		Release|Any CPU = Release|Any CPU
	EndGlobalSection
	GlobalSection(ProjectConfigurationPlatforms) = postSolution
		{390CEEE7-23EF-4E3B-BF2C-2221D740E9C4}.Debug|Any CPU.ActiveCfg = Debug|Any CPU
		{390CEEE7-23EF-4E3B-BF2C-2221D740E9C4}.Debug|Any CPU.Build.0 = Debug|Any CPU
		{390CEEE7-23EF-4E3B-BF2C-2221D740E9C4}.Release|Any CPU.ActiveCfg = Release|Any CPU
		{390CEEE7-23EF-4E3B-BF2C-2221D740E9C4}.Release|Any CPU.Build.0 = Release|Any CPU
	EndGlobalSection
	GlobalSection(SolutionProperties) = preSolution
		HideSolutionNode = FALSE
	EndGlobalSection
	GlobalSection(ExtensibilityGlobals) = postSolution
		SolutionGuid = {92B28731-E1A8-473B-9E38-4168ED8E5315}
	EndGlobalSection
EndGlobal
