
Microsoft Visual Studio Solution File, Format Version 12.00
# Visual Studio Version 17
VisualStudioVersion = 17.3.32922.545
MinimumVisualStudioVersion = 10.0.40219.1
Project("{FAE04EC0-301F-11D3-BF4B-00C04F79EFBC}") = "lesson_5_assignment_relational_operators", "lesson_5_assignment_relational_operators\lesson_5_assignment_relational_operators.csproj", "{BE752145-FAB0-4270-ACDB-5BE346C05BE8}"
EndProject
Global
	GlobalSection(SolutionConfigurationPlatforms) = preSolution
		Debug|Any CPU = Debug|Any CPU
		Release|Any CPU = Release|Any CPU
	EndGlobalSection
	GlobalSection(ProjectConfigurationPlatforms) = postSolution
		{BE752145-FAB0-4270-ACDB-5BE346C05BE8}.Debug|Any CPU.ActiveCfg = Debug|Any CPU
		{BE752145-FAB0-4270-ACDB-5BE346C05BE8}.Debug|Any CPU.Build.0 = Debug|Any CPU
		{BE752145-FAB0-4270-ACDB-5BE346C05BE8}.Release|Any CPU.ActiveCfg = Release|Any CPU
		{BE752145-FAB0-4270-ACDB-5BE346C05BE8}.Release|Any CPU.Build.0 = Release|Any CPU
	EndGlobalSection
	GlobalSection(SolutionProperties) = preSolution
		HideSolutionNode = FALSE
	EndGlobalSection
	GlobalSection(ExtensibilityGlobals) = postSolution
		SolutionGuid = {10CACD70-5D76-4B78-85E2-ACD97D875B65}
	EndGlobalSection
EndGlobal
